
Microsoft Visual Studio Solution File, Format Version 12.00
# Visual Studio Version 16
VisualStudioVersion = 16.0.32413.511
MinimumVisualStudioVersion = 10.0.40219.1
Project("{FAE04EC0-301F-11D3-BF4B-00C04F79EFBC}") = "TestTraining", "TestTraining\TestTraining.csproj", "{1E6C1D55-2246-4C43-B613-9E69839F564A}"
EndProject
Project("{FAE04EC0-301F-11D3-BF4B-00C04F79EFBC}") = "Calculations.Tests", "Calculations.Tests\Calculations.Tests.csproj", "{EED58509-3922-4F23-84CA-E340E4C7C4CC}"
EndProject
Global
	GlobalSection(SolutionConfigurationPlatforms) = preSolution
		Debug|Any CPU = Debug|Any CPU
		Release|Any CPU = Release|Any CPU
	EndGlobalSection
	GlobalSection(ProjectConfigurationPlatforms) = postSolution
		{1E6C1D55-2246-4C43-B613-9E69839F564A}.Debug|Any CPU.ActiveCfg = Debug|Any CPU
		{1E6C1D55-2246-4C43-B613-9E69839F564A}.Debug|Any CPU.Build.0 = Debug|Any CPU
		{1E6C1D55-2246-4C43-B613-9E69839F564A}.Release|Any CPU.ActiveCfg = Release|Any CPU
		{1E6C1D55-2246-4C43-B613-9E69839F564A}.Release|Any CPU.Build.0 = Release|Any CPU
		{EED58509-3922-4F23-84CA-E340E4C7C4CC}.Debug|Any CPU.ActiveCfg = Debug|Any CPU
		{EED58509-3922-4F23-84CA-E340E4C7C4CC}.Debug|Any CPU.Build.0 = Debug|Any CPU
		{EED58509-3922-4F23-84CA-E340E4C7C4CC}.Release|Any CPU.ActiveCfg = Release|Any CPU
		{EED58509-3922-4F23-84CA-E340E4C7C4CC}.Release|Any CPU.Build.0 = Release|Any CPU
	EndGlobalSection
	GlobalSection(SolutionProperties) = preSolution
		HideSolutionNode = FALSE
	EndGlobalSection
	GlobalSection(ExtensibilityGlobals) = postSolution
		SolutionGuid = {F3B3BAF3-BE8E-4D90-B7B5-77D6AE1ECDE1}
	EndGlobalSection
EndGlobal
